
Microsoft Visual Studio Solution File, Format Version 12.00
# Visual Studio Version 16
VisualStudioVersion = 16.0.30413.136
MinimumVisualStudioVersion = 10.0.40219.1
Project("{FAE04EC0-301F-11D3-BF4B-00C04F79EFBC}") = "TaskList", "TaskList\TaskList.csproj", "{8432264D-950F-4081-8B5E-DE92AF78A366}"
EndProject
Global
	GlobalSection(SolutionConfigurationPlatforms) = preSolution
		Debug|Any CPU = Debug|Any CPU
		Release|Any CPU = Release|Any CPU
	EndGlobalSection
	GlobalSection(ProjectConfigurationPlatforms) = postSolution
		{8432264D-950F-4081-8B5E-DE92AF78A366}.Debug|Any CPU.ActiveCfg = Debug|Any CPU
		{8432264D-950F-4081-8B5E-DE92AF78A366}.Debug|Any CPU.Build.0 = Debug|Any CPU
		{8432264D-950F-4081-8B5E-DE92AF78A366}.Release|Any CPU.ActiveCfg = Release|Any CPU
		{8432264D-950F-4081-8B5E-DE92AF78A366}.Release|Any CPU.Build.0 = Release|Any CPU
	EndGlobalSection
	GlobalSection(SolutionProperties) = preSolution
		HideSolutionNode = FALSE
	EndGlobalSection
	GlobalSection(ExtensibilityGlobals) = postSolution
		SolutionGuid = {6BDE1709-8D39-4D66-A48F-2C3A43747D10}
	EndGlobalSection
EndGlobal
